
Microsoft Visual Studio Solution File, Format Version 12.00
# Visual Studio 2012
Project("{FAE04EC0-301F-11D3-BF4B-00C04F79EFBC}") = "PersistentCache", "PersistentCache\PersistentCache.csproj", "{6F468CFA-484E-410B-8BCB-95358B7657EA}"
EndProject
Project("{FAE04EC0-301F-11D3-BF4B-00C04F79EFBC}") = "PersistentCache.PerformanceTests", "PersistentCache.PerformanceTests\PersistentCache.PerformanceTests.csproj", "{AF784DE4-99C8-4568-AF9A-76ACE4BBC266}"
EndProject
Project("{FAE04EC0-301F-11D3-BF4B-00C04F79EFBC}") = "PersistentCache.Tests.Unit", "PersistentCache.Tests.Unit\PersistentCache.Tests.Unit.csproj", "{F2CDC483-FAB6-46CC-99E4-539B8950CC7A}"
EndProject
Project("{2150E333-8FDC-42A3-9474-1A3956D46DE8}") = "nuget", "nuget", "{926BBAA0-E993-4C8C-9CB9-DA405F199C92}"
	ProjectSection(SolutionItems) = preProject
		nuget\PersistentCache.nuspec = nuget\PersistentCache.nuspec
	EndProjectSection
EndProject
Global
	GlobalSection(SolutionConfigurationPlatforms) = preSolution
		Debug|Any CPU = Debug|Any CPU
		Release|Any CPU = Release|Any CPU
	EndGlobalSection
	GlobalSection(ProjectConfigurationPlatforms) = postSolution
		{6F468CFA-484E-410B-8BCB-95358B7657EA}.Debug|Any CPU.ActiveCfg = Debug|Any CPU
		{6F468CFA-484E-410B-8BCB-95358B7657EA}.Debug|Any CPU.Build.0 = Debug|Any CPU
		{6F468CFA-484E-410B-8BCB-95358B7657EA}.Release|Any CPU.ActiveCfg = Release|Any CPU
		{6F468CFA-484E-410B-8BCB-95358B7657EA}.Release|Any CPU.Build.0 = Release|Any CPU
		{AF784DE4-99C8-4568-AF9A-76ACE4BBC266}.Debug|Any CPU.ActiveCfg = Debug|Any CPU
		{AF784DE4-99C8-4568-AF9A-76ACE4BBC266}.Debug|Any CPU.Build.0 = Debug|Any CPU
		{AF784DE4-99C8-4568-AF9A-76ACE4BBC266}.Release|Any CPU.ActiveCfg = Release|Any CPU
		{AF784DE4-99C8-4568-AF9A-76ACE4BBC266}.Release|Any CPU.Build.0 = Release|Any CPU
		{F2CDC483-FAB6-46CC-99E4-539B8950CC7A}.Debug|Any CPU.ActiveCfg = Debug|Any CPU
		{F2CDC483-FAB6-46CC-99E4-539B8950CC7A}.Debug|Any CPU.Build.0 = Debug|Any CPU
		{F2CDC483-FAB6-46CC-99E4-539B8950CC7A}.Release|Any CPU.ActiveCfg = Release|Any CPU
		{F2CDC483-FAB6-46CC-99E4-539B8950CC7A}.Release|Any CPU.Build.0 = Release|Any CPU
	EndGlobalSection
	GlobalSection(SolutionProperties) = preSolution
		HideSolutionNode = FALSE
	EndGlobalSection
EndGlobal
